
Microsoft Visual Studio Solution File, Format Version 12.00
# Visual Studio Version 16
VisualStudioVersion = 16.0.29905.134
MinimumVisualStudioVersion = 10.0.40219.1
Project("{FAE04EC0-301F-11D3-BF4B-00C04F79EFBC}") = "SRB2 RPC", "SRB2 RPC\SRB2 RPC.csproj", "{B147CE0B-667B-4FD5-A72A-DF308A1AF63D}"
EndProject
Global
	GlobalSection(SolutionConfigurationPlatforms) = preSolution
		Debug|Any CPU = Debug|Any CPU
		Release|Any CPU = Release|Any CPU
	EndGlobalSection
	GlobalSection(ProjectConfigurationPlatforms) = postSolution
		{B147CE0B-667B-4FD5-A72A-DF308A1AF63D}.Debug|Any CPU.ActiveCfg = Debug|Any CPU
		{B147CE0B-667B-4FD5-A72A-DF308A1AF63D}.Debug|Any CPU.Build.0 = Debug|Any CPU
		{B147CE0B-667B-4FD5-A72A-DF308A1AF63D}.Release|Any CPU.ActiveCfg = Release|Any CPU
		{B147CE0B-667B-4FD5-A72A-DF308A1AF63D}.Release|Any CPU.Build.0 = Release|Any CPU
	EndGlobalSection
	GlobalSection(SolutionProperties) = preSolution
		HideSolutionNode = FALSE
	EndGlobalSection
	GlobalSection(ExtensibilityGlobals) = postSolution
		SolutionGuid = {4DB6B8A2-8843-448D-8C8D-94B62A6CD716}
	EndGlobalSection
EndGlobal
